{
  "name": "cesium-3d-app",
  "version": "1.0.0",
  "lockfileVersion": 3,
  "requires": true,
  "packages": {
    "": {
      "name": "cesium-3d-app",
      "version": "1.0.0",
      "dependencies": {
        "cesium": "~1.131.0"
      },
      "devDependencies": {
        "vite": "^5.0.0"
      }
    },
    "node_modules/@cesium/engine": {
      "version": "18.3.0",
      "resolved": "https://registry.npmjs.org/@cesium/engine/-/engine-18.3.0.tgz",
      "integrity": "sha512-ILNA1a+RX2gNsQGyF2zq27Ucaj5UMj19paYoJbKxX/U0QtxLuFUhJ2yg6wr2eBtC3X3kd475o7kAx0LpfCZxpg==",
      "dependencies": {
        "@cesium/wasm-splats": "^0.1.0-alpha.2",
        "@spz-loader/core": "0.1.0",
        "@tweenjs/tween.js": "^25.0.0",
        "@zip.js/zip.js": "^2.7.34",
        "autolinker": "^4.0.0",
        "bitmap-sdf": "^1.0.3",
        "dompurify": "^3.0.2",
        "draco3d": "^1.5.1",
        "earcut": "^3.0.0",
        "grapheme-splitter": "^1.0.4",
        "jsep": "^1.3.8",
        "kdbush": "^4.0.1",
        "ktx-parse": "^1.0.0",
        "lerc": "^2.0.0",
        "mersenne-twister": "^1.1.0",
        "meshoptimizer": "^0.24.0",
        "pako": "^2.0.4",
        "protobufjs": "^7.1.0",
        "rbush": "^4.0.1",
        "topojson-client": "^3.1.0",
        "urijs": "^1.19.7"
      },
      "engines": {
        "node": ">=20.19.0"
      }
    },
    "node_modules/@cesium/wasm-splats": {
      "version": "0.1.0-alpha.2",
      "resolved": "https://registry.npmjs.org/@cesium/wasm-splats/-/wasm-splats-0.1.0-alpha.2.tgz",
      "integrity": "sha512-t9pMkknv31hhIbLpMa8yPvmqfpvs5UkUjgqlQv9SeO8VerCXOYnyP8/486BDaFrztM0A7FMbRjsXtNeKvqQghA=="
    },
    "node_modules/@cesium/widgets": {
      "version": "12.3.0",
      "resolved": "https://registry.npmjs.org/@cesium/widgets/-/widgets-12.3.0.tgz",
      "integrity": "sha512-5Aa54lCrdywogY1ypOwRmRrb72LVrPvrOzOrcYeQ50DDZSs5hCxVXWecYYsq3qoeK0buA9wP/5TBWE7RlsV7OA==",
      "dependencies": {
        "@cesium/engine": "^18.3.0",
        "nosleep.js": "^0.12.0"
      },
      "engines": {
        "node": ">=20.19.0"
      }
    },
    "node_modules/@esbuild/aix-ppc64": {
      "version": "0.21.5",
      "resolved": "https://registry.npmjs.org/@esbuild/aix-ppc64/-/aix-ppc64-0.21.5.tgz",
      "integrity": "sha512-1SDgH6ZSPTlggy1yI6+Dbkiz8xzpHJEVAlF/AM1tHPLsf5STom9rwtjE4hKAF20FfXXNTFqEYXyJNWh1GiZedQ==",
      "cpu": [
        "ppc64"
      ],
      "dev": true,
      "optional": true,
      "os": [
        "aix"
      ],
      "engines": {
        "node": ">=12"
      }
    },
    "node_modules/@esbuild/android-arm": {
      "version": "0.21.5",
      "resolved": "https://registry.npmjs.org/@esbuild/android-arm/-/android-arm-0.21.5.tgz",
      "integrity": "sha512-vCPvzSjpPHEi1siZdlvAlsPxXl7WbOVUBBAowWug4rJHb68Ox8KualB+1ocNvT5fjv6wpkX6o/iEpbDrf68zcg==",
      "cpu": [
        "arm"
      ],
      "dev": true,
      "optional": true,
      "os": [
        "android"
      ],
      "engines": {
        "node": ">=12"
      }
    },
    "node_modules/@esbuild/android-arm64": {
      "version": "0.21.5",
      "resolved": "https://registry.npmjs.org/@esbuild/android-arm64/-/android-arm64-0.21.5.tgz",
      "integrity": "sha512-c0uX9VAUBQ7dTDCjq+wdyGLowMdtR/GoC2U5IYk/7D1H1JYC0qseD7+11iMP2mRLN9RcCMRcjC4YMclCzGwS/A==",
      "cpu": [
        "arm64"
      ],
      "dev": true,
      "optional": true,
      "os": [
        "android"
      ],
      "engines": {
        "node": ">=12"
      }
    },
    "node_modules/@esbuild/android-x64": {
      "version": "0.21.5",
      "resolved": "https://registry.npmjs.org/@esbuild/android-x64/-/android-x64-0.21.5.tgz",
      "integrity": "sha512-D7aPRUUNHRBwHxzxRvp856rjUHRFW1SdQATKXH2hqA0kAZb1hKmi02OpYRacl0TxIGz/ZmXWlbZgjwWYaCakTA==",
      "cpu": [
        "x64"
      ],
      "dev": true,
      "optional": true,
      "os": [
        "android"
      ],
      "engines": {
        "node": ">=12"
      }
    },
    "node_modules/@esbuild/darwin-arm64": {
      "version": "0.21.5",
      "resolved": "https://registry.npmjs.org/@esbuild/darwin-arm64/-/darwin-arm64-0.21.5.tgz",
      "integrity": "sha512-DwqXqZyuk5AiWWf3UfLiRDJ5EDd49zg6O9wclZ7kUMv2WRFr4HKjXp/5t8JZ11QbQfUS6/cRCKGwYhtNAY88kQ==",
      "cpu": [
        "arm64"
      ],
      "dev": true,
      "optional": true,
      "os": [
        "darwin"
      ],
      "engines": {
        "node": ">=12"
      }
    },
    "node_modules/@esbuild/darwin-x64": {
      "version": "0.21.5",
      "resolved": "https://registry.npmjs.org/@esbuild/darwin-x64/-/darwin-x64-0.21.5.tgz",
      "integrity": "sha512-se/JjF8NlmKVG4kNIuyWMV/22ZaerB+qaSi5MdrXtd6R08kvs2qCN4C09miupktDitvh8jRFflwGFBQcxZRjbw==",
      "cpu": [
        "x64"
      ],
      "dev": true,
      "optional": true,
      "os": [
        "darwin"
      ],
      "engines": {
        "node": ">=12"
      }
    },
    "node_modules/@esbuild/freebsd-arm64": {
      "version": "0.21.5",
      "resolved": "https://registry.npmjs.org/@esbuild/freebsd-arm64/-/freebsd-arm64-0.21.5.tgz",
      "integrity": "sha512-5JcRxxRDUJLX8JXp/wcBCy3pENnCgBR9bN6JsY4OmhfUtIHe3ZW0mawA7+RDAcMLrMIZaf03NlQiX9DGyB8h4g==",
      "cpu": [
        "arm64"
      ],
      "dev": true,
      "optional": true,
      "os": [
        "freebsd"
      ],
      "engines": {
        "node": ">=12"
      }
    },
    "node_modules/@esbuild/freebsd-x64": {
      "version": "0.21.5",
      "resolved": "https://registry.npmjs.org/@esbuild/freebsd-x64/-/freebsd-x64-0.21.5.tgz",
      "integrity": "sha512-J95kNBj1zkbMXtHVH29bBriQygMXqoVQOQYA+ISs0/2l3T9/kj42ow2mpqerRBxDJnmkUDCaQT/dfNXWX/ZZCQ==",
      "cpu": [
        "x64"
      ],
      "dev": true,
      "optional": true,
      "os": [
        "freebsd"
      ],
      "engines": {
        "node": ">=12"
      }
    },
    "node_modules/@esbuild/linux-arm": {
      "version": "0.21.5",
      "resolved": "https://registry.npmjs.org/@esbuild/linux-arm/-/linux-arm-0.21.5.tgz",
      "integrity": "sha512-bPb5AHZtbeNGjCKVZ9UGqGwo8EUu4cLq68E95A53KlxAPRmUyYv2D6F0uUI65XisGOL1hBP5mTronbgo+0bFcA==",
      "cpu": [
        "arm"
      ],
      "dev": true,
      "optional": true,
      "os": [
        "linux"
      ],
      "engines": {
        "node": ">=12"
      }
    },
    "node_modules/@esbuild/linux-arm64": {
      "version": "0.21.5",
      "resolved": "https://registry.npmjs.org/@esbuild/linux-arm64/-/linux-arm64-0.21.5.tgz",
      "integrity": "sha512-ibKvmyYzKsBeX8d8I7MH/TMfWDXBF3db4qM6sy+7re0YXya+K1cem3on9XgdT2EQGMu4hQyZhan7TeQ8XkGp4Q==",
      "cpu": [
        "arm64"
      ],
      "dev": true,
      "optional": true,
      "os": [
        "linux"
      ],
      "engines": {
        "node": ">=12"
      }
    },
    "node_modules/@esbuild/linux-ia32": {
      "version": "0.21.5",
      "resolved": "https://registry.npmjs.org/@esbuild/linux-ia32/-/linux-ia32-0.21.5.tgz",
      "integrity": "sha512-YvjXDqLRqPDl2dvRODYmmhz4rPeVKYvppfGYKSNGdyZkA01046pLWyRKKI3ax8fbJoK5QbxblURkwK/MWY18Tg==",
      "cpu": [
        "ia32"
      ],
      "dev": true,
      "optional": true,
      "os": [
        "linux"
      ],
      "engines": {
        "node": ">=12"
      }
    },
    "node_modules/@esbuild/linux-loong64": {
      "version": "0.21.5",
      "resolved": "https://registry.npmjs.org/@esbuild/linux-loong64/-/linux-loong64-0.21.5.tgz",
      "integrity": "sha512-uHf1BmMG8qEvzdrzAqg2SIG/02+4/DHB6a9Kbya0XDvwDEKCoC8ZRWI5JJvNdUjtciBGFQ5PuBlpEOXQj+JQSg==",
      "cpu": [
        "loong64"
      ],
      "dev": true,
      "optional": true,
      "os": [
        "linux"
      ],
      "engines": {
        "node": ">=12"
      }
    },
    "node_modules/@esbuild/linux-mips64el": {
      "version": "0.21.5",
      "resolved": "https://registry.npmjs.org/@esbuild/linux-mips64el/-/linux-mips64el-0.21.5.tgz",
      "integrity": "sha512-IajOmO+KJK23bj52dFSNCMsz1QP1DqM6cwLUv3W1QwyxkyIWecfafnI555fvSGqEKwjMXVLokcV5ygHW5b3Jbg==",
      "cpu": [
        "mips64el"
      ],
      "dev": true,
      "optional": true,
      "os": [
        "linux"
      ],
      "engines": {
        "node": ">=12"
      }
    },
    "node_modules/@esbuild/linux-ppc64": {
      "version": "0.21.5",
      "resolved": "https://registry.npmjs.org/@esbuild/linux-ppc64/-/linux-ppc64-0.21.5.tgz",
      "integrity": "sha512-1hHV/Z4OEfMwpLO8rp7CvlhBDnjsC3CttJXIhBi+5Aj5r+MBvy4egg7wCbe//hSsT+RvDAG7s81tAvpL2XAE4w==",
      "cpu": [
        "ppc64"
      ],
      "dev": true,
      "optional": true,
      "os": [
        "linux"
      ],
      "engines": {
        "node": ">=12"
      }
    },
    "node_modules/@esbuild/linux-riscv64": {
      "version": "0.21.5",
      "resolved": "https://registry.npmjs.org/@esbuild/linux-riscv64/-/linux-riscv64-0.21.5.tgz",
      "integrity": "sha512-2HdXDMd9GMgTGrPWnJzP2ALSokE/0O5HhTUvWIbD3YdjME8JwvSCnNGBnTThKGEB91OZhzrJ4qIIxk/SBmyDDA==",
      "cpu": [
        "riscv64"
      ],
      "dev": true,
      "optional": true,
      "os": [
        "linux"
      ],
      "engines": {
        "node": ">=12"
      }
    },
    "node_modules/@esbuild/linux-s390x": {
      "version": "0.21.5",
      "resolved": "https://registry.npmjs.org/@esbuild/linux-s390x/-/linux-s390x-0.21.5.tgz",
      "integrity": "sha512-zus5sxzqBJD3eXxwvjN1yQkRepANgxE9lgOW2qLnmr8ikMTphkjgXu1HR01K4FJg8h1kEEDAqDcZQtbrRnB41A==",
      "cpu": [
        "s390x"
      ],
      "dev": true,
      "optional": true,
      "os": [
        "linux"
      ],
      "engines": {
        "node": ">=12"
      }
    },
    "node_modules/@esbuild/linux-x64": {
      "version": "0.21.5",
      "resolved": "https://registry.npmjs.org/@esbuild/linux-x64/-/linux-x64-0.21.5.tgz",
      "integrity": "sha512-1rYdTpyv03iycF1+BhzrzQJCdOuAOtaqHTWJZCWvijKD2N5Xu0TtVC8/+1faWqcP9iBCWOmjmhoH94dH82BxPQ==",
      "cpu": [
        "x64"
      ],
      "dev": true,
      "optional": true,
      "os": [
        "linux"
      ],
      "engines": {
        "node": ">=12"
      }
    },
    "node_modules/@esbuild/netbsd-x64": {
      "version": "0.21.5",
      "resolved": "https://registry.npmjs.org/@esbuild/netbsd-x64/-/netbsd-x64-0.21.5.tgz",
      "integrity": "sha512-Woi2MXzXjMULccIwMnLciyZH4nCIMpWQAs049KEeMvOcNADVxo0UBIQPfSmxB3CWKedngg7sWZdLvLczpe0tLg==",
      "cpu": [
        "x64"
      ],
      "dev": true,
      "optional": true,
      "os": [
        "netbsd"
      ],
      "engines": {
        "node": ">=12"
      }
    },
    "node_modules/@esbuild/openbsd-x64": {
      "version": "0.21.5",
      "resolved": "https://registry.npmjs.org/@esbuild/openbsd-x64/-/openbsd-x64-0.21.5.tgz",
      "integrity": "sha512-HLNNw99xsvx12lFBUwoT8EVCsSvRNDVxNpjZ7bPn947b8gJPzeHWyNVhFsaerc0n3TsbOINvRP2byTZ5LKezow==",
      "cpu": [
        "x64"
      ],
      "dev": true,
      "optional": true,
      "os": [
        "openbsd"
      ],
      "engines": {
        "node": ">=12"
      }
    },
    "node_modules/@esbuild/sunos-x64": {
      "version": "0.21.5",
      "resolved": "https://registry.npmjs.org/@esbuild/sunos-x64/-/sunos-x64-0.21.5.tgz",
      "integrity": "sha512-6+gjmFpfy0BHU5Tpptkuh8+uw3mnrvgs+dSPQXQOv3ekbordwnzTVEb4qnIvQcYXq6gzkyTnoZ9dZG+D4garKg==",
      "cpu": [
        "x64"
      ],
      "dev": true,
      "optional": true,
      "os": [
        "sunos"
      ],
      "engines": {
        "node": ">=12"
      }
    },
    "node_modules/@esbuild/win32-arm64": {
      "version": "0.21.5",
      "resolved": "https://registry.npmjs.org/@esbuild/win32-arm64/-/win32-arm64-0.21.5.tgz",
      "integrity": "sha512-Z0gOTd75VvXqyq7nsl93zwahcTROgqvuAcYDUr+vOv8uHhNSKROyU961kgtCD1e95IqPKSQKH7tBTslnS3tA8A==",
      "cpu": [
        "arm64"
      ],
      "dev": true,
      "optional": true,
      "os": [
        "win32"
      ],
      "engines": {
        "node": ">=12"
      }
    },
    "node_modules/@esbuild/win32-ia32": {
      "version": "0.21.5",
      "resolved": "https://registry.npmjs.org/@esbuild/win32-ia32/-/win32-ia32-0.21.5.tgz",
      "integrity": "sha512-SWXFF1CL2RVNMaVs+BBClwtfZSvDgtL//G/smwAc5oVK/UPu2Gu9tIaRgFmYFFKrmg3SyAjSrElf0TiJ1v8fYA==",
      "cpu": [
        "ia32"
      ],
      "dev": true,
      "optional": true,
      "os": [
        "win32"
      ],
      "engines": {
        "node": ">=12"
      }
    },
    "node_modules/@esbuild/win32-x64": {
      "version": "0.21.5",
      "resolved": "https://registry.npmjs.org/@esbuild/win32-x64/-/win32-x64-0.21.5.tgz",
      "integrity": "sha512-tQd/1efJuzPC6rCFwEvLtci/xNFcTZknmXs98FYDfGE4wP9ClFV98nyKrzJKVPMhdDnjzLhdUyMX4PsQAPjwIw==",
      "cpu": [
        "x64"
      ],
      "dev": true,
      "optional": true,
      "os": [
        "win32"
      ],
      "engines": {
        "node": ">=12"
      }
    },
    "node_modules/@protobufjs/aspromise": {
      "version": "1.1.2",
      "resolved": "https://registry.npmjs.org/@protobufjs/aspromise/-/aspromise-1.1.2.tgz",
      "integrity": "sha512-j+gKExEuLmKwvz3OgROXtrJ2UG2x8Ch2YZUxahh+s1F2HZ+wAceUNLkvy6zKCPVRkU++ZWQrdxsUeQXmcg4uoQ=="
    },
    "node_modules/@protobufjs/base64": {
      "version": "1.1.2",
      "resolved": "https://registry.npmjs.org/@protobufjs/base64/-/base64-1.1.2.tgz",
      "integrity": "sha512-AZkcAA5vnN/v4PDqKyMR5lx7hZttPDgClv83E//FMNhR2TMcLUhfRUBHCmSl0oi9zMgDDqRUJkSxO3wm85+XLg=="
    },
    "node_modules/@protobufjs/codegen": {
      "version": "2.0.4",
      "resolved": "https://registry.npmjs.org/@protobufjs/codegen/-/codegen-2.0.4.tgz",
      "integrity": "sha512-YyFaikqM5sH0ziFZCN3xDC7zeGaB/d0IUb9CATugHWbd1FRFwWwt4ld4OYMPWu5a3Xe01mGAULCdqhMlPl29Jg=="
    },
    "node_modules/@protobufjs/eventemitter": {
      "version": "1.1.0",
      "resolved": "https://registry.npmjs.org/@protobufjs/eventemitter/-/eventemitter-1.1.0.tgz",
      "integrity": "sha512-j9ednRT81vYJ9OfVuXG6ERSTdEL1xVsNgqpkxMsbIabzSo3goCjDIveeGv5d03om39ML71RdmrGNjG5SReBP/Q=="
    },
    "node_modules/@protobufjs/fetch": {
      "version": "1.1.0",
      "resolved": "https://registry.npmjs.org/@protobufjs/fetch/-/fetch-1.1.0.tgz",
      "integrity": "sha512-lljVXpqXebpsijW71PZaCYeIcE5on1w5DlQy5WH6GLbFryLUrBD4932W/E2BSpfRJWseIL4v/KPgBFxDOIdKpQ==",
      "dependencies": {
        "@protobufjs/aspromise": "^1.1.1",
        "@protobufjs/inquire": "^1.1.0"
      }
    },
    "node_modules/@protobufjs/float": {
      "version": "1.0.2",
      "resolved": "https://registry.npmjs.org/@protobufjs/float/-/float-1.0.2.tgz",
      "integrity": "sha512-Ddb+kVXlXst9d+R9PfTIxh1EdNkgoRe5tOX6t01f1lYWOvJnSPDBlG241QLzcyPdoNTsblLUdujGSE4RzrTZGQ=="
    },
    "node_modules/@protobufjs/inquire": {
      "version": "1.1.0",
      "resolved": "https://registry.npmjs.org/@protobufjs/inquire/-/inquire-1.1.0.tgz",
      "integrity": "sha512-kdSefcPdruJiFMVSbn801t4vFK7KB/5gd2fYvrxhuJYg8ILrmn9SKSX2tZdV6V+ksulWqS7aXjBcRXl3wHoD9Q=="
    },
    "node_modules/@protobufjs/path": {
      "version": "1.1.2",
      "resolved": "https://registry.npmjs.org/@protobufjs/path/-/path-1.1.2.tgz",
      "integrity": "sha512-6JOcJ5Tm08dOHAbdR3GrvP+yUUfkjG5ePsHYczMFLq3ZmMkAD98cDgcT2iA1lJ9NVwFd4tH/iSSoe44YWkltEA=="
    },
    "node_modules/@protobufjs/pool": {
      "version": "1.1.0",
      "resolved": "https://registry.npmjs.org/@protobufjs/pool/-/pool-1.1.0.tgz",
      "integrity": "sha512-0kELaGSIDBKvcgS4zkjz1PeddatrjYcmMWOlAuAPwAeccUrPHdUqo/J6LiymHHEiJT5NrF1UVwxY14f+fy4WQw=="
    },
    "node_modules/@protobufjs/utf8": {
      "version": "1.1.0",
      "resolved": "https://registry.npmjs.org/@protobufjs/utf8/-/utf8-1.1.0.tgz",
      "integrity": "sha512-Vvn3zZrhQZkkBE8LSuW3em98c0FwgO4nxzv6OdSxPKJIEKY2bGbHn+mhGIPerzI4twdxaP8/0+06HBpwf345Lw=="
    },
    "node_modules/@rollup/rollup-android-arm-eabi": {
      "version": "4.46.2",
      "resolved": "https://registry.npmjs.org/@rollup/rollup-android-arm-eabi/-/rollup-android-arm-eabi-4.46.2.tgz",
      "integrity": "sha512-Zj3Hl6sN34xJtMv7Anwb5Gu01yujyE/cLBDB2gnHTAHaWS1Z38L7kuSG+oAh0giZMqG060f/YBStXtMH6FvPMA==",
      "cpu": [
        "arm"
      ],
      "dev": true,
      "optional": true,
      "os": [
        "android"
      ]
    },
    "node_modules/@rollup/rollup-android-arm64": {
      "version": "4.46.2",
      "resolved": "https://registry.npmjs.org/@rollup/rollup-android-arm64/-/rollup-android-arm64-4.46.2.tgz",
      "integrity": "sha512-nTeCWY83kN64oQ5MGz3CgtPx8NSOhC5lWtsjTs+8JAJNLcP3QbLCtDDgUKQc/Ro/frpMq4SHUaHN6AMltcEoLQ==",
      "cpu": [
        "arm64"
      ],
      "dev": true,
      "optional": true,
      "os": [
        "android"
      ]
    },
    "node_modules/@rollup/rollup-darwin-arm64": {
      "version": "4.46.2",
      "resolved": "https://registry.npmjs.org/@rollup/rollup-darwin-arm64/-/rollup-darwin-arm64-4.46.2.tgz",
      "integrity": "sha512-HV7bW2Fb/F5KPdM/9bApunQh68YVDU8sO8BvcW9OngQVN3HHHkw99wFupuUJfGR9pYLLAjcAOA6iO+evsbBaPQ==",
      "cpu": [
        "arm64"
      ],
      "dev": true,
      "optional": true,
      "os": [
        "darwin"
      ]
    },
    "node_modules/@rollup/rollup-darwin-x64": {
      "version": "4.46.2",
      "resolved": "https://registry.npmjs.org/@rollup/rollup-darwin-x64/-/rollup-darwin-x64-4.46.2.tgz",
      "integrity": "sha512-SSj8TlYV5nJixSsm/y3QXfhspSiLYP11zpfwp6G/YDXctf3Xkdnk4woJIF5VQe0of2OjzTt8EsxnJDCdHd2xMA==",
      "cpu": [
        "x64"
      ],
      "dev": true,
      "optional": true,
      "os": [
        "darwin"
      ]
    },
    "node_modules/@rollup/rollup-freebsd-arm64": {
      "version": "4.46.2",
      "resolved": "https://registry.npmjs.org/@rollup/rollup-freebsd-arm64/-/rollup-freebsd-arm64-4.46.2.tgz",
      "integrity": "sha512-ZyrsG4TIT9xnOlLsSSi9w/X29tCbK1yegE49RYm3tu3wF1L/B6LVMqnEWyDB26d9Ecx9zrmXCiPmIabVuLmNSg==",
      "cpu": [
        "arm64"
      ],
      "dev": true,
      "optional": true,
      "os": [
        "freebsd"
      ]
    },
    "node_modules/@rollup/rollup-freebsd-x64": {
      "version": "4.46.2",
      "resolved": "https://registry.npmjs.org/@rollup/rollup-freebsd-x64/-/rollup-freebsd-x64-4.46.2.tgz",
      "integrity": "sha512-pCgHFoOECwVCJ5GFq8+gR8SBKnMO+xe5UEqbemxBpCKYQddRQMgomv1104RnLSg7nNvgKy05sLsY51+OVRyiVw==",
      "cpu": [
        "x64"
      ],
      "dev": true,
      "optional": true,
      "os": [
        "freebsd"
      ]
    },
    "node_modules/@rollup/rollup-linux-arm-gnueabihf": {
      "version": "4.46.2",
      "resolved": "https://registry.npmjs.org/@rollup/rollup-linux-arm-gnueabihf/-/rollup-linux-arm-gnueabihf-4.46.2.tgz",
      "integrity": "sha512-EtP8aquZ0xQg0ETFcxUbU71MZlHaw9MChwrQzatiE8U/bvi5uv/oChExXC4mWhjiqK7azGJBqU0tt5H123SzVA==",
      "cpu": [
        "arm"
      ],
      "dev": true,
      "optional": true,
      "os": [
        "linux"
      ]
    },
    "node_modules/@rollup/rollup-linux-arm-musleabihf": {
      "version": "4.46.2",
      "resolved": "https://registry.npmjs.org/@rollup/rollup-linux-arm-musleabihf/-/rollup-linux-arm-musleabihf-4.46.2.tgz",
      "integrity": "sha512-qO7F7U3u1nfxYRPM8HqFtLd+raev2K137dsV08q/LRKRLEc7RsiDWihUnrINdsWQxPR9jqZ8DIIZ1zJJAm5PjQ==",
      "cpu": [
        "arm"
      ],
      "dev": true,
      "optional": true,
      "os": [
        "linux"
      ]
    },
    "node_modules/@rollup/rollup-linux-arm64-gnu": {
      "version": "4.46.2",
      "resolved": "https://registry.npmjs.org/@rollup/rollup-linux-arm64-gnu/-/rollup-linux-arm64-gnu-4.46.2.tgz",
      "integrity": "sha512-3dRaqLfcOXYsfvw5xMrxAk9Lb1f395gkoBYzSFcc/scgRFptRXL9DOaDpMiehf9CO8ZDRJW2z45b6fpU5nwjng==",
      "cpu": [
        "arm64"
      ],
      "dev": true,
      "optional": true,
      "os": [
        "linux"
      ]
    },
    "node_modules/@rollup/rollup-linux-arm64-musl": {
      "version": "4.46.2",
      "resolved": "https://registry.npmjs.org/@rollup/rollup-linux-arm64-musl/-/rollup-linux-arm64-musl-4.46.2.tgz",
      "integrity": "sha512-fhHFTutA7SM+IrR6lIfiHskxmpmPTJUXpWIsBXpeEwNgZzZZSg/q4i6FU4J8qOGyJ0TR+wXBwx/L7Ho9z0+uDg==",
      "cpu": [
        "arm64"
      ],
      "dev": true,
      "optional": true,
      "os": [
        "linux"
      ]
    },
    "node_modules/@rollup/rollup-linux-loongarch64-gnu": {
      "version": "4.46.2",
      "resolved": "https://registry.npmjs.org/@rollup/rollup-linux-loongarch64-gnu/-/rollup-linux-loongarch64-gnu-4.46.2.tgz",
      "integrity": "sha512-i7wfGFXu8x4+FRqPymzjD+Hyav8l95UIZ773j7J7zRYc3Xsxy2wIn4x+llpunexXe6laaO72iEjeeGyUFmjKeA==",
      "cpu": [
        "loong64"
      ],
      "dev": true,
      "optional": true,
      "os": [
        "linux"
      ]
    },
    "node_modules/@rollup/rollup-linux-ppc64-gnu": {
      "version": "4.46.2",
      "resolved": "https://registry.npmjs.org/@rollup/rollup-linux-ppc64-gnu/-/rollup-linux-ppc64-gnu-4.46.2.tgz",
      "integrity": "sha512-B/l0dFcHVUnqcGZWKcWBSV2PF01YUt0Rvlurci5P+neqY/yMKchGU8ullZvIv5e8Y1C6wOn+U03mrDylP5q9Yw==",
      "cpu": [
        "ppc64"
      ],
      "dev": true,
      "optional": true,
      "os": [
        "linux"
      ]
    },
    "node_modules/@rollup/rollup-linux-riscv64-gnu": {
      "version": "4.46.2",
      "resolved": "https://registry.npmjs.org/@rollup/rollup-linux-riscv64-gnu/-/rollup-linux-riscv64-gnu-4.46.2.tgz",
      "integrity": "sha512-32k4ENb5ygtkMwPMucAb8MtV8olkPT03oiTxJbgkJa7lJ7dZMr0GCFJlyvy+K8iq7F/iuOr41ZdUHaOiqyR3iQ==",
      "cpu": [
        "riscv64"
      ],
      "dev": true,
      "optional": true,
      "os": [
        "linux"
      ]
    },
    "node_modules/@rollup/rollup-linux-riscv64-musl": {
      "version": "4.46.2",
      "resolved": "https://registry.npmjs.org/@rollup/rollup-linux-riscv64-musl/-/rollup-linux-riscv64-musl-4.46.2.tgz",
      "integrity": "sha512-t5B2loThlFEauloaQkZg9gxV05BYeITLvLkWOkRXogP4qHXLkWSbSHKM9S6H1schf/0YGP/qNKtiISlxvfmmZw==",
      "cpu": [
        "riscv64"
      ],
      "dev": true,
      "optional": true,
      "os": [
        "linux"
      ]
    },
    "node_modules/@rollup/rollup-linux-s390x-gnu": {
      "version": "4.46.2",
      "resolved": "https://registry.npmjs.org/@rollup/rollup-linux-s390x-gnu/-/rollup-linux-s390x-gnu-4.46.2.tgz",
      "integrity": "sha512-YKjekwTEKgbB7n17gmODSmJVUIvj8CX7q5442/CK80L8nqOUbMtf8b01QkG3jOqyr1rotrAnW6B/qiHwfcuWQA==",
      "cpu": [
        "s390x"
      ],
      "dev": true,
      "optional": true,
      "os": [
        "linux"
      ]
    },
    "node_modules/@rollup/rollup-linux-x64-gnu": {
      "version": "4.46.2",
      "resolved": "https://registry.npmjs.org/@rollup/rollup-linux-x64-gnu/-/rollup-linux-x64-gnu-4.46.2.tgz",
      "integrity": "sha512-Jj5a9RUoe5ra+MEyERkDKLwTXVu6s3aACP51nkfnK9wJTraCC8IMe3snOfALkrjTYd2G1ViE1hICj0fZ7ALBPA==",
      "cpu": [
        "x64"
      ],
      "dev": true,
      "optional": true,
      "os": [
        "linux"
      ]
    },
    "node_modules/@rollup/rollup-linux-x64-musl": {
      "version": "4.46.2",
      "resolved": "https://registry.npmjs.org/@rollup/rollup-linux-x64-musl/-/rollup-linux-x64-musl-4.46.2.tgz",
      "integrity": "sha512-7kX69DIrBeD7yNp4A5b81izs8BqoZkCIaxQaOpumcJ1S/kmqNFjPhDu1LHeVXv0SexfHQv5cqHsxLOjETuqDuA==",
      "cpu": [
        "x64"
      ],
      "dev": true,
      "optional": true,
      "os": [
        "linux"
      ]
    },
    "node_modules/@rollup/rollup-win32-arm64-msvc": {
      "version": "4.46.2",
      "resolved": "https://registry.npmjs.org/@rollup/rollup-win32-arm64-msvc/-/rollup-win32-arm64-msvc-4.46.2.tgz",
      "integrity": "sha512-wiJWMIpeaak/jsbaq2HMh/rzZxHVW1rU6coyeNNpMwk5isiPjSTx0a4YLSlYDwBH/WBvLz+EtsNqQScZTLJy3g==",
      "cpu": [
        "arm64"
      ],
      "dev": true,
      "optional": true,
      "os": [
        "win32"
      ]
    },
    "node_modules/@rollup/rollup-win32-ia32-msvc": {
      "version": "4.46.2",
      "resolved": "https://registry.npmjs.org/@rollup/rollup-win32-ia32-msvc/-/rollup-win32-ia32-msvc-4.46.2.tgz",
      "integrity": "sha512-gBgaUDESVzMgWZhcyjfs9QFK16D8K6QZpwAaVNJxYDLHWayOta4ZMjGm/vsAEy3hvlS2GosVFlBlP9/Wb85DqQ==",
      "cpu": [
        "ia32"
      ],
      "dev": true,
      "optional": true,
      "os": [
        "win32"
      ]
    },
    "node_modules/@rollup/rollup-win32-x64-msvc": {
      "version": "4.46.2",
      "resolved": "https://registry.npmjs.org/@rollup/rollup-win32-x64-msvc/-/rollup-win32-x64-msvc-4.46.2.tgz",
      "integrity": "sha512-CvUo2ixeIQGtF6WvuB87XWqPQkoFAFqW+HUo/WzHwuHDvIwZCtjdWXoYCcr06iKGydiqTclC4jU/TNObC/xKZg==",
      "cpu": [
        "x64"
      ],
      "dev": true,
      "optional": true,
      "os": [
        "win32"
      ]
    },
    "node_modules/@spz-loader/core": {
      "version": "0.1.0",
      "resolved": "https://registry.npmjs.org/@spz-loader/core/-/core-0.1.0.tgz",
      "integrity": "sha512-atqn/DLy0xNkqRgz3l/5CD12y1M44JdjTmAFQYDKvzf0pIyj+NlJ/PeCRlSJQfXmZ2JndNOCpcGOFVldANf/EA==",
      "engines": {
        "node": ">=16",
        "pnpm": ">=8"
      }
    },
    "node_modules/@tweenjs/tween.js": {
      "version": "25.0.0",
      "resolved": "https://registry.npmjs.org/@tweenjs/tween.js/-/tween.js-25.0.0.tgz",
      "integrity": "sha512-XKLA6syeBUaPzx4j3qwMqzzq+V4uo72BnlbOjmuljLrRqdsd3qnzvZZoxvMHZ23ndsRS4aufU6JOZYpCbU6T1A=="
    },
    "node_modules/@types/estree": {
      "version": "1.0.8",
      "resolved": "https://registry.npmjs.org/@types/estree/-/estree-1.0.8.tgz",
      "integrity": "sha512-dWHzHa2WqEXI/O1E9OjrocMTKJl2mSrEolh1Iomrv6U+JuNwaHXsXx9bLu5gG7BUWFIN0skIQJQ/L1rIex4X6w==",
      "dev": true
    },
    "node_modules/@types/node": {
      "version": "24.1.0",
      "resolved": "https://registry.npmjs.org/@types/node/-/node-24.1.0.tgz",
      "integrity": "sha512-ut5FthK5moxFKH2T1CUOC6ctR67rQRvvHdFLCD2Ql6KXmMuCrjsSsRI9UsLCm9M18BMwClv4pn327UvB7eeO1w==",
      "dependencies": {
        "undici-types": "~7.8.0"
      }
    },
    "node_modules/@types/trusted-types": {
      "version": "2.0.7",
      "resolved": "https://registry.npmjs.org/@types/trusted-types/-/trusted-types-2.0.7.tgz",
      "integrity": "sha512-ScaPdn1dQczgbl0QFTeTOmVHFULt394XJgOQNoyVhZ6r2vLnMLJfBPd53SB52T/3G36VI1/g2MZaX0cwDuXsfw==",
      "optional": true
    },
    "node_modules/@zip.js/zip.js": {
      "version": "2.7.71",
      "resolved": "https://registry.npmjs.org/@zip.js/zip.js/-/zip.js-2.7.71.tgz",
      "integrity": "sha512-TA6hXQQeOsqJGchrPRaPPt+CScLcS05A/JD03sVTysAUqJ1HungAW5rSqRk23AK9i3Zph5kswrv31rHSEum+Tw==",
      "engines": {
        "bun": ">=0.7.0",
        "deno": ">=1.0.0",
        "node": ">=16.5.0"
      }
    },
    "node_modules/autolinker": {
      "version": "4.1.5",
      "resolved": "https://registry.npmjs.org/autolinker/-/autolinker-4.1.5.tgz",
      "integrity": "sha512-vEfYZPmvVOIuE567XBVCsx8SBgOYtjB2+S1iAaJ+HgH+DNjAcrHem2hmAeC9yaNGWayicv4yR+9UaJlkF3pvtw==",
      "dependencies": {
        "tslib": "^2.8.1"
      },
      "engines": {
        "pnpm": ">=10.10.0"
      }
    },
    "node_modules/bitmap-sdf": {
      "version": "1.0.4",
      "resolved": "https://registry.npmjs.org/bitmap-sdf/-/bitmap-sdf-1.0.4.tgz",
      "integrity": "sha512-1G3U4n5JE6RAiALMxu0p1XmeZkTeCwGKykzsLTCqVzfSDaN6S7fKnkIkfejogz+iwqBWc0UYAIKnKHNN7pSfDg=="
    },
    "node_modules/cesium": {
      "version": "1.131.0",
      "resolved": "https://registry.npmjs.org/cesium/-/cesium-1.131.0.tgz",
      "integrity": "sha512-4OVlpds2TR6elsHLfVAp5FOqxjNbvKA7Ff5n3yuwDBFKgYgc6JErbpBSjY31pBI2ZJSWhKLknCNjrTR8FlVTFg==",
      "workspaces": [
        "packages/engine",
        "packages/widgets"
      ],
      "dependencies": {
        "@cesium/engine": "^18.3.0",
        "@cesium/widgets": "^12.3.0"
      },
      "engines": {
        "node": ">=20.19.0"
      }
    },
    "node_modules/commander": {
      "version": "2.20.3",
      "resolved": "https://registry.npmjs.org/commander/-/commander-2.20.3.tgz",
      "integrity": "sha512-GpVkmM8vF2vQUkj2LvZmD35JxeJOLCwJ9cUkugyk2nuhbv3+mJvpLYYt+0+USMxE+oj+ey/lJEnhZw75x/OMcQ=="
    },
    "node_modules/dompurify": {
      "version": "3.2.6",
      "resolved": "https://registry.npmjs.org/dompurify/-/dompurify-3.2.6.tgz",
      "integrity": "sha512-/2GogDQlohXPZe6D6NOgQvXLPSYBqIWMnZ8zzOhn09REE4eyAzb+Hed3jhoM9OkuaJ8P6ZGTTVWQKAi8ieIzfQ==",
      "optionalDependencies": {
        "@types/trusted-types": "^2.0.7"
      }
    },
    "node_modules/draco3d": {
      "version": "1.5.7",
      "resolved": "https://registry.npmjs.org/draco3d/-/draco3d-1.5.7.tgz",
      "integrity": "sha512-m6WCKt/erDXcw+70IJXnG7M3awwQPAsZvJGX5zY7beBqpELw6RDGkYVU0W43AFxye4pDZ5i2Lbyc/NNGqwjUVQ=="
    },
    "node_modules/earcut": {
      "version": "3.0.2",
      "resolved": "https://registry.npmjs.org/earcut/-/earcut-3.0.2.tgz",
      "integrity": "sha512-X7hshQbLyMJ/3RPhyObLARM2sNxxmRALLKx1+NVFFnQ9gKzmCrxm9+uLIAdBcvc8FNLpctqlQ2V6AE92Ol9UDQ=="
    },
    "node_modules/esbuild": {
      "version": "0.21.5",
      "resolved": "https://registry.npmjs.org/esbuild/-/esbuild-0.21.5.tgz",
      "integrity": "sha512-mg3OPMV4hXywwpoDxu3Qda5xCKQi+vCTZq8S9J/EpkhB2HzKXq4SNFZE3+NK93JYxc8VMSep+lOUSC/RVKaBqw==",
      "dev": true,
      "hasInstallScript": true,
      "bin": {
        "esbuild": "bin/esbuild"
      },
      "engines": {
        "node": ">=12"
      },
      "optionalDependencies": {
        "@esbuild/aix-ppc64": "0.21.5",
        "@esbuild/android-arm": "0.21.5",
        "@esbuild/android-arm64": "0.21.5",
        "@esbuild/android-x64": "0.21.5",
        "@esbuild/darwin-arm64": "0.21.5",
        "@esbuild/darwin-x64": "0.21.5",
        "@esbuild/freebsd-arm64": "0.21.5",
        "@esbuild/freebsd-x64": "0.21.5",
        "@esbuild/linux-arm": "0.21.5",
        "@esbuild/linux-arm64": "0.21.5",
        "@esbuild/linux-ia32": "0.21.5",
        "@esbuild/linux-loong64": "0.21.5",
        "@esbuild/linux-mips64el": "0.21.5",
        "@esbuild/linux-ppc64": "0.21.5",
        "@esbuild/linux-riscv64": "0.21.5",
        "@esbuild/linux-s390x": "0.21.5",
        "@esbuild/linux-x64": "0.21.5",
        "@esbuild/netbsd-x64": "0.21.5",
        "@esbuild/openbsd-x64": "0.21.5",
        "@esbuild/sunos-x64": "0.21.5",
        "@esbuild/win32-arm64": "0.21.5",
        "@esbuild/win32-ia32": "0.21.5",
        "@esbuild/win32-x64": "0.21.5"
      }
    },
    "node_modules/fsevents": {
      "version": "2.3.3",
      "resolved": "https://registry.npmjs.org/fsevents/-/fsevents-2.3.3.tgz",
      "integrity": "sha512-5xoDfX+fL7faATnagmWPpbFtwh/R77WmMMqqHGS65C3vvB0YHrgF+B1YmZ3441tMj5n63k0212XNoJwzlhffQw==",
      "dev": true,
      "hasInstallScript": true,
      "optional": true,
      "os": [
        "darwin"
      ],
      "engines": {
        "node": "^8.16.0 || ^10.6.0 || >=11.0.0"
      }
    },
    "node_modules/grapheme-splitter": {
      "version": "1.0.4",
      "resolved": "https://registry.npmjs.org/grapheme-splitter/-/grapheme-splitter-1.0.4.tgz",
      "integrity": "sha512-bzh50DW9kTPM00T8y4o8vQg89Di9oLJVLW/KaOGIXJWP/iqCN6WKYkbNOF04vFLJhwcpYUh9ydh/+5vpOqV4YQ=="
    },
    "node_modules/jsep": {
      "version": "1.4.0",
      "resolved": "https://registry.npmjs.org/jsep/-/jsep-1.4.0.tgz",
      "integrity": "sha512-B7qPcEVE3NVkmSJbaYxvv4cHkVW7DQsZz13pUMrfS8z8Q/BuShN+gcTXrUlPiGqM2/t/EEaI030bpxMqY8gMlw==",
      "engines": {
        "node": ">= 10.16.0"
      }
    },
    "node_modules/kdbush": {
      "version": "4.0.2",
      "resolved": "https://registry.npmjs.org/kdbush/-/kdbush-4.0.2.tgz",
      "integrity": "sha512-WbCVYJ27Sz8zi9Q7Q0xHC+05iwkm3Znipc2XTlrnJbsHMYktW4hPhXUE8Ys1engBrvffoSCqbil1JQAa7clRpA=="
    },
    "node_modules/ktx-parse": {
      "version": "1.0.1",
      "resolved": "https://registry.npmjs.org/ktx-parse/-/ktx-parse-1.0.1.tgz",
      "integrity": "sha512-djwUWv/82Xc8LOVinJU4EBrVqYkO8OsUDSPEtY/OOVY8BSe3DMU7D7PlIAZ0pI7ZZtErj7mqpJcgffUTABvgaA=="
    },
    "node_modules/lerc": {
      "version": "2.0.0",
      "resolved": "https://registry.npmjs.org/lerc/-/lerc-2.0.0.tgz",
      "integrity": "sha512-7qo1Mq8ZNmaR4USHHm615nEW2lPeeWJ3bTyoqFbd35DLx0LUH7C6ptt5FDCTAlbIzs3+WKrk5SkJvw8AFDE2hg=="
    },
    "node_modules/long": {
      "version": "5.3.2",
      "resolved": "https://registry.npmjs.org/long/-/long-5.3.2.tgz",
      "integrity": "sha512-mNAgZ1GmyNhD7AuqnTG3/VQ26o760+ZYBPKjPvugO8+nLbYfX6TVpJPseBvopbdY+qpZ/lKUnmEc1LeZYS3QAA=="
    },
    "node_modules/mersenne-twister": {
      "version": "1.1.0",
      "resolved": "https://registry.npmjs.org/mersenne-twister/-/mersenne-twister-1.1.0.tgz",
      "integrity": "sha512-mUYWsMKNrm4lfygPkL3OfGzOPTR2DBlTkBNHM//F6hGp8cLThY897crAlk3/Jo17LEOOjQUrNAx6DvgO77QJkA=="
    },
    "node_modules/meshoptimizer": {
      "version": "0.24.0",
      "resolved": "https://registry.npmjs.org/meshoptimizer/-/meshoptimizer-0.24.0.tgz",
      "integrity": "sha512-Iq/8cM5cK2B0P0QdKHexr30zEJn5sQxjXKtQJGp6LO7r1VUPwhgxau18pvybVDnEDsKE49GdlJYwqPX9A/P9Sw=="
    },
    "node_modules/nanoid": {
      "version": "3.3.11",
      "resolved": "https://registry.npmjs.org/nanoid/-/nanoid-3.3.11.tgz",
      "integrity": "sha512-N8SpfPUnUp1bK+PMYW8qSWdl9U+wwNWI4QKxOYDy9JAro3WMX7p2OeVRF9v+347pnakNevPmiHhNmZ2HbFA76w==",
      "dev": true,
      "funding": [
        {
          "type": "github",
          "url": "https://github.com/sponsors/ai"
        }
      ],
      "bin": {
        "nanoid": "bin/nanoid.cjs"
      },
      "engines": {
        "node": "^10 || ^12 || ^13.7 || ^14 || >=15.0.1"
      }
    },
    "node_modules/nosleep.js": {
      "version": "0.12.0",
      "resolved": "https://registry.npmjs.org/nosleep.js/-/nosleep.js-0.12.0.tgz",
      "integrity": "sha512-9d1HbpKLh3sdWlhXMhU6MMH+wQzKkrgfRkYV0EBdvt99YJfj0ilCJrWRDYG2130Tm4GXbEoTCx5b34JSaP+HhA=="
    },
    "node_modules/pako": {
      "version": "2.1.0",
      "resolved": "https://registry.npmjs.org/pako/-/pako-2.1.0.tgz",
      "integrity": "sha512-w+eufiZ1WuJYgPXbV/PO3NCMEc3xqylkKHzp8bxp1uW4qaSNQUkwmLLEc3kKsfz8lpV1F8Ht3U1Cm+9Srog2ug=="
    },
    "node_modules/picocolors": {
      "version": "1.1.1",
      "resolved": "https://registry.npmjs.org/picocolors/-/picocolors-1.1.1.tgz",
      "integrity": "sha512-xceH2snhtb5M9liqDsmEw56le376mTZkEX/jEb/RxNFyegNul7eNslCXP9FDj/Lcu0X8KEyMceP2ntpaHrDEVA==",
      "dev": true
    },
    "node_modules/postcss": {
      "version": "8.5.6",
      "resolved": "https://registry.npmjs.org/postcss/-/postcss-8.5.6.tgz",
      "integrity": "sha512-3Ybi1tAuwAP9s0r1UQ2J4n5Y0G05bJkpUIO0/bI9MhwmD70S5aTWbXGBwxHrelT+XM1k6dM0pk+SwNkpTRN7Pg==",
      "dev": true,
      "funding": [
        {
          "type": "opencollective",
          "url": "https://opencollective.com/postcss/"
        },
        {
          "type": "tidelift",
          "url": "https://tidelift.com/funding/github/npm/postcss"
        },
        {
          "type": "github",
          "url": "https://github.com/sponsors/ai"
        }
      ],
      "dependencies": {
        "nanoid": "^3.3.11",
        "picocolors": "^1.1.1",
        "source-map-js": "^1.2.1"
      },
      "engines": {
        "node": "^10 || ^12 || >=14"
      }
    },
    "node_modules/protobufjs": {
      "version": "7.5.3",
      "resolved": "https://registry.npmjs.org/protobufjs/-/protobufjs-7.5.3.tgz",
      "integrity": "sha512-sildjKwVqOI2kmFDiXQ6aEB0fjYTafpEvIBs8tOR8qI4spuL9OPROLVu2qZqi/xgCfsHIwVqlaF8JBjWFHnKbw==",
      "hasInstallScript": true,
      "dependencies": {
        "@protobufjs/aspromise": "^1.1.2",
        "@protobufjs/base64": "^1.1.2",
        "@protobufjs/codegen": "^2.0.4",
        "@protobufjs/eventemitter": "^1.1.0",
        "@protobufjs/fetch": "^1.1.0",
        "@protobufjs/float": "^1.0.2",
        "@protobufjs/inquire": "^1.1.0",
        "@protobufjs/path": "^1.1.2",
        "@protobufjs/pool": "^1.1.0",
        "@protobufjs/utf8": "^1.1.0",
        "@types/node": ">=13.7.0",
        "long": "^5.0.0"
      },
      "engines": {
        "node": ">=12.0.0"
      }
    },
    "node_modules/quickselect": {
      "version": "3.0.0",
      "resolved": "https://registry.npmjs.org/quickselect/-/quickselect-3.0.0.tgz",
      "integrity": "sha512-XdjUArbK4Bm5fLLvlm5KpTFOiOThgfWWI4axAZDWg4E/0mKdZyI9tNEfds27qCi1ze/vwTR16kvmmGhRra3c2g=="
    },
    "node_modules/rbush": {
      "version": "4.0.1",
      "resolved": "https://registry.npmjs.org/rbush/-/rbush-4.0.1.tgz",
      "integrity": "sha512-IP0UpfeWQujYC8Jg162rMNc01Rf0gWMMAb2Uxus/Q0qOFw4lCcq6ZnQEZwUoJqWyUGJ9th7JjwI4yIWo+uvoAQ==",
      "dependencies": {
        "quickselect": "^3.0.0"
      }
    },
    "node_modules/rollup": {
      "version": "4.46.2",
      "resolved": "https://registry.npmjs.org/rollup/-/rollup-4.46.2.tgz",
      "integrity": "sha512-WMmLFI+Boh6xbop+OAGo9cQ3OgX9MIg7xOQjn+pTCwOkk+FNDAeAemXkJ3HzDJrVXleLOFVa1ipuc1AmEx1Dwg==",
      "dev": true,
      "dependencies": {
        "@types/estree": "1.0.8"
      },
      "bin": {
        "rollup": "dist/bin/rollup"
      },
      "engines": {
        "node": ">=18.0.0",
        "npm": ">=8.0.0"
      },
      "optionalDependencies": {
        "@rollup/rollup-android-arm-eabi": "4.46.2",
        "@rollup/rollup-android-arm64": "4.46.2",
        "@rollup/rollup-darwin-arm64": "4.46.2",
        "@rollup/rollup-darwin-x64": "4.46.2",
        "@rollup/rollup-freebsd-arm64": "4.46.2",
        "@rollup/rollup-freebsd-x64": "4.46.2",
        "@rollup/rollup-linux-arm-gnueabihf": "4.46.2",
        "@rollup/rollup-linux-arm-musleabihf": "4.46.2",
        "@rollup/rollup-linux-arm64-gnu": "4.46.2",
        "@rollup/rollup-linux-arm64-musl": "4.46.2",
        "@rollup/rollup-linux-loongarch64-gnu": "4.46.2",
        "@rollup/rollup-linux-ppc64-gnu": "4.46.2",
        "@rollup/rollup-linux-riscv64-gnu": "4.46.2",
        "@rollup/rollup-linux-riscv64-musl": "4.46.2",
        "@rollup/rollup-linux-s390x-gnu": "4.46.2",
        "@rollup/rollup-linux-x64-gnu": "4.46.2",
        "@rollup/rollup-linux-x64-musl": "4.46.2",
        "@rollup/rollup-win32-arm64-msvc": "4.46.2",
        "@rollup/rollup-win32-ia32-msvc": "4.46.2",
        "@rollup/rollup-win32-x64-msvc": "4.46.2",
        "fsevents": "~2.3.2"
      }
    },
    "node_modules/source-map-js": {
      "version": "1.2.1",
      "resolved": "https://registry.npmjs.org/source-map-js/-/source-map-js-1.2.1.tgz",
      "integrity": "sha512-UXWMKhLOwVKb728IUtQPXxfYU+usdybtUrK/8uGE8CQMvrhOpwvzDBwj0QhSL7MQc7vIsISBG8VQ8+IDQxpfQA==",
      "dev": true,
      "engines": {
        "node": ">=0.10.0"
      }
    },
    "node_modules/topojson-client": {
      "version": "3.1.0",
      "resolved": "https://registry.npmjs.org/topojson-client/-/topojson-client-3.1.0.tgz",
      "integrity": "sha512-605uxS6bcYxGXw9qi62XyrV6Q3xwbndjachmNxu8HWTtVPxZfEJN9fd/SZS1Q54Sn2y0TMyMxFj/cJINqGHrKw==",
      "dependencies": {
        "commander": "2"
      },
      "bin": {
        "topo2geo": "bin/topo2geo",
        "topomerge": "bin/topomerge",
        "topoquantize": "bin/topoquantize"
      }
    },
    "node_modules/tslib": {
      "version": "2.8.1",
      "resolved": "https://registry.npmjs.org/tslib/-/tslib-2.8.1.tgz",
      "integrity": "sha512-oJFu94HQb+KVduSUQL7wnpmqnfmLsOA/nAh6b6EH0wCEoK0/mPeXU6c3wKDV83MkOuHPRHtSXKKU99IBazS/2w=="
    },
    "node_modules/undici-types": {
      "version": "7.8.0",
      "resolved": "https://registry.npmjs.org/undici-types/-/undici-types-7.8.0.tgz",
      "integrity": "sha512-9UJ2xGDvQ43tYyVMpuHlsgApydB8ZKfVYTsLDhXkFL/6gfkp+U8xTGdh8pMJv1SpZna0zxG1DwsKZsreLbXBxw=="
    },
    "node_modules/urijs": {
      "version": "1.19.11",
      "resolved": "https://registry.npmjs.org/urijs/-/urijs-1.19.11.tgz",
      "integrity": "sha512-HXgFDgDommxn5/bIv0cnQZsPhHDA90NPHD6+c/v21U5+Sx5hoP8+dP9IZXBU1gIfvdRfhG8cel9QNPeionfcCQ=="
    },
    "node_modules/vite": {
      "version": "5.4.19",
      "resolved": "https://registry.npmjs.org/vite/-/vite-5.4.19.tgz",
      "integrity": "sha512-qO3aKv3HoQC8QKiNSTuUM1l9o/XX3+c+VTgLHbJWHZGeTPVAg2XwazI9UWzoxjIJCGCV2zU60uqMzjeLZuULqA==",
      "dev": true,
      "dependencies": {
        "esbuild": "^0.21.3",
        "postcss": "^8.4.43",
        "rollup": "^4.20.0"
      },
      "bin": {
        "vite": "bin/vite.js"
      },
      "engines": {
        "node": "^18.0.0 || >=20.0.0"
      },
      "funding": {
        "url": "https://github.com/vitejs/vite?sponsor=1"
      },
      "optionalDependencies": {
        "fsevents": "~2.3.3"
      },
      "peerDependencies": {
        "@types/node": "^18.0.0 || >=20.0.0",
        "less": "*",
        "lightningcss": "^1.21.0",
        "sass": "*",
        "sass-embedded": "*",
        "stylus": "*",
        "sugarss": "*",
        "terser": "^5.4.0"
      },
      "peerDependenciesMeta": {
        "@types/node": {
          "optional": true
        },
        "less": {
          "optional": true
        },
        "lightningcss": {
          "optional": true
        },
        "sass": {
          "optional": true
        },
        "sass-embedded": {
          "optional": true
        },
        "stylus": {
          "optional": true
        },
        "sugarss": {
          "optional": true
        },
        "terser": {
          "optional": true
        }
      }
    }
  }
}
